{
    "_readme": [
        "This file locks the dependencies of your project to a known state",
        "Read more about it at https://getcomposer.org/doc/01-basic-usage.md#installing-dependencies",
        "This file is @generated automatically"
    ],
    "content-hash": "f6fd10be9c3771a86d155324fabc925d",
    "packages": [
        {
            "name": "wikimedia/ip-set",
            "version": "1.2.0",
            "source": {
                "type": "git",
                "url": "https://github.com/wikimedia/IPSet.git",
                "reference": "cabb679f440c87fd4053e4ea5e0120e769c9447f"
            },
            "dist": {
                "type": "zip",
                "url": "https://api.github.com/repos/wikimedia/IPSet/zipball/cabb679f440c87fd4053e4ea5e0120e769c9447f",
                "reference": "cabb679f440c87fd4053e4ea5e0120e769c9447f",
                "shasum": ""
            },
            "require": {
                "php": ">=5.5.9"
            },
            "require-dev": {
                "jakub-onderka/php-parallel-lint": "0.9.2",
                "mediawiki/mediawiki-codesniffer": "15.0.0",
                "phpunit/phpunit": "^4.8"
            },
            "type": "library",
            "autoload": {
                "classmap": [
                    "src/"
                ]
            },
            "notification-url": "https://packagist.org/downloads/",
            "license": [
                "GPL-2.0+"
            ],
            "authors": [
                {
                    "name": "Brandon Black",
                    "email": "blblack@gmail.com"
                }
            ],
            "description": "Efficiently match IP addresses against a set of CIDR specifications.",
            "homepage": "https://github.com/wikimedia/IPSet",
            "time": "2017-12-30T10:52:03+00:00"
        },
        {
            "name": "woganmay/gdpr-blackhole",
            "version": "dev-master",
            "source": {
                "type": "git",
                "url": "https://github.com/woganmay/gdpr-blackhole.git",
                "reference": "54fbe0faff9c27abaae7576a4f776b9a3e9652c5"
            },
            "dist": {
                "type": "zip",
                "url": "https://api.github.com/repos/woganmay/gdpr-blackhole/zipball/54fbe0faff9c27abaae7576a4f776b9a3e9652c5",
                "reference": "54fbe0faff9c27abaae7576a4f776b9a3e9652c5",
                "shasum": ""
            },
            "type": "library",
            "notification-url": "https://packagist.org/downloads/",
            "license": [
                "MIT"
            ],
            "authors": [
                {
                    "name": "Wogan May",
                    "email": "wogan.may@gmail.com"
                }
            ],
            "description": "A list of all the EU IP ranges",
            "time": "2018-05-05T14:10:09+00:00"
        }
    ],
    "packages-dev": [],
    "aliases": [],
    "minimum-stability": "dev",
    "stability-flags": {
        "woganmay/gdpr-blackhole": 20
    },
    "prefer-stable": false,
    "prefer-lowest": false,
    "platform": [],
    "platform-dev": []
}
